
Microsoft Visual Studio Solution File, Format Version 12.00
# Visual Studio Version 17
VisualStudioVersion = 17.4.33213.308
MinimumVisualStudioVersion = 10.0.40219.1
Project("{9A19103F-16F7-4668-BE54-9A1E7A4F7556}") = "Assignment1", "Assignment1\Assignment1.csproj", "{2055E694-2A91-459E-9307-EBDEC6DD3715}"
EndProject
Project("{9A19103F-16F7-4668-BE54-9A1E7A4F7556}") = "Assignment1Tests", "Assignment1Tests\Assignment1Tests.csproj", "{5BFDE479-91C9-444D-915F-A5CC5B4EA22E}"
EndProject
Project("{9A19103F-16F7-4668-BE54-9A1E7A4F7556}") = "ExpansionPack", "ExpansionPack\ExpansionPack.csproj", "{6EDF1100-B175-45DF-9522-346F7EC628A5}"
EndProject
Project("{FAE04EC0-301F-11D3-BF4B-00C04F79EFBC}") = "ExpansionPackTests", "ExpansionPackTests\ExpansionPackTests.csproj", "{F377A4D8-9DA2-4CE3-BD20-E14ADAAEC2CA}"
EndProject
Global
	GlobalSection(SolutionConfigurationPlatforms) = preSolution
		Debug|Any CPU = Debug|Any CPU
		Release|Any CPU = Release|Any CPU
	EndGlobalSection
	GlobalSection(ProjectConfigurationPlatforms) = postSolution
		{2055E694-2A91-459E-9307-EBDEC6DD3715}.Debug|Any CPU.ActiveCfg = Debug|Any CPU
		{2055E694-2A91-459E-9307-EBDEC6DD3715}.Debug|Any CPU.Build.0 = Debug|Any CPU
		{2055E694-2A91-459E-9307-EBDEC6DD3715}.Release|Any CPU.ActiveCfg = Release|Any CPU
		{2055E694-2A91-459E-9307-EBDEC6DD3715}.Release|Any CPU.Build.0 = Release|Any CPU
		{5BFDE479-91C9-444D-915F-A5CC5B4EA22E}.Debug|Any CPU.ActiveCfg = Debug|Any CPU
		{5BFDE479-91C9-444D-915F-A5CC5B4EA22E}.Debug|Any CPU.Build.0 = Debug|Any CPU
		{5BFDE479-91C9-444D-915F-A5CC5B4EA22E}.Release|Any CPU.ActiveCfg = Release|Any CPU
		{5BFDE479-91C9-444D-915F-A5CC5B4EA22E}.Release|Any CPU.Build.0 = Release|Any CPU
		{6EDF1100-B175-45DF-9522-346F7EC628A5}.Debug|Any CPU.ActiveCfg = Debug|Any CPU
		{6EDF1100-B175-45DF-9522-346F7EC628A5}.Debug|Any CPU.Build.0 = Debug|Any CPU
		{6EDF1100-B175-45DF-9522-346F7EC628A5}.Release|Any CPU.ActiveCfg = Release|Any CPU
		{6EDF1100-B175-45DF-9522-346F7EC628A5}.Release|Any CPU.Build.0 = Release|Any CPU
		{F377A4D8-9DA2-4CE3-BD20-E14ADAAEC2CA}.Debug|Any CPU.ActiveCfg = Debug|Any CPU
		{F377A4D8-9DA2-4CE3-BD20-E14ADAAEC2CA}.Debug|Any CPU.Build.0 = Debug|Any CPU
		{F377A4D8-9DA2-4CE3-BD20-E14ADAAEC2CA}.Release|Any CPU.ActiveCfg = Release|Any CPU
		{F377A4D8-9DA2-4CE3-BD20-E14ADAAEC2CA}.Release|Any CPU.Build.0 = Release|Any CPU
	EndGlobalSection
	GlobalSection(SolutionProperties) = preSolution
		HideSolutionNode = FALSE
	EndGlobalSection
	GlobalSection(ExtensibilityGlobals) = postSolution
		SolutionGuid = {DFF63EA0-1EB5-436C-9312-A46E4A2527DA}
	EndGlobalSection
EndGlobal
